// !$*UTF8*$!
{
	archiveVersion = 1;
	classes = {
	};
	objectVersion = 55;
	objects = {

/* Begin PBXBuildFile section */
		5E0D692728B5816800F61FC1 /* AppDelegate.swift in Sources */ = {isa = PBXBuildFile; fileRef = 5E0D692628B5816800F61FC1 /* AppDelegate.swift */; };
		5E0D692928B5816800F61FC1 /* SceneDelegate.swift in Sources */ = {isa = PBXBuildFile; fileRef = 5E0D692828B5816800F61FC1 /* SceneDelegate.swift */; };
		5E0D693028B5816B00F61FC1 /* Assets.xcassets in Resources */ = {isa = PBXBuildFile; fileRef = 5E0D692F28B5816B00F61FC1 /* Assets.xcassets */; };
		5E0D693328B5816B00F61FC1 /* LaunchScreen.storyboard in Resources */ = {isa = PBXBuildFile; fileRef = 5E0D693128B5816B00F61FC1 /* LaunchScreen.storyboard */; };
		5E0D693B28B581D400F61FC1 /* MainViewController.swift in Sources */ = {isa = PBXBuildFile; fileRef = 5E0D693A28B581D400F61FC1 /* MainViewController.swift */; };
		5E0D693D28B5869E00F61FC1 /* DownloadManager.swift in Sources */ = {isa = PBXBuildFile; fileRef = 5E0D693C28B5869E00F61FC1 /* DownloadManager.swift */; };
		5E0D693F28B58A9D00F61FC1 /* MainTableViewCell.swift in Sources */ = {isa = PBXBuildFile; fileRef = 5E0D693E28B58A9D00F61FC1 /* MainTableViewCell.swift */; };
		5E0D694128B5934400F61FC1 /* GetModel.swift in Sources */ = {isa = PBXBuildFile; fileRef = 5E0D694028B5934400F61FC1 /* GetModel.swift */; };
		5E65256C28B632FE00B347DA /* PostModel.swift in Sources */ = {isa = PBXBuildFile; fileRef = 5E65256B28B632FE00B347DA /* PostModel.swift */; };
		5E65256F28B6345800B347DA /* MainViewController+extensions.swift in Sources */ = {isa = PBXBuildFile; fileRef = 5E65256E28B6345800B347DA /* MainViewController+extensions.swift */; };
		5EC4998B28B6415B008E985A /* PhotoViewController.swift in Sources */ = {isa = PBXBuildFile; fileRef = 5EC4998A28B6415B008E985A /* PhotoViewController.swift */; };
		5EC4998D28B64D24008E985A /* UploadManager.swift in Sources */ = {isa = PBXBuildFile; fileRef = 5EC4998C28B64D24008E985A /* UploadManager.swift */; };
		5EC4998F28B799CB008E985A /* Data+extensions.swift in Sources */ = {isa = PBXBuildFile; fileRef = 5EC4998E28B799CB008E985A /* Data+extensions.swift */; };
		5EC4999128B7B031008E985A /* PhotoModel.swift in Sources */ = {isa = PBXBuildFile; fileRef = 5EC4999028B7B031008E985A /* PhotoModel.swift */; };
/* End PBXBuildFile section */

/* Begin PBXFileReference section */
		5E0D692328B5816800F61FC1 /* Test project for Balina Soft.app */ = {isa = PBXFileReference; explicitFileType = wrapper.application; includeInIndex = 0; path = "Test project for Balina Soft.app"; sourceTree = BUILT_PRODUCTS_DIR; };
		5E0D692628B5816800F61FC1 /* AppDelegate.swift */ = {isa = PBXFileReference; lastKnownFileType = sourcecode.swift; path = AppDelegate.swift; sourceTree = "<group>"; };
		5E0D692828B5816800F61FC1 /* SceneDelegate.swift */ = {isa = PBXFileReference; lastKnownFileType = sourcecode.swift; path = SceneDelegate.swift; sourceTree = "<group>"; };
		5E0D692F28B5816B00F61FC1 /* Assets.xcassets */ = {isa = PBXFileReference; lastKnownFileType = folder.assetcatalog; path = Assets.xcassets; sourceTree = "<group>"; };
		5E0D693228B5816B00F61FC1 /* Base */ = {isa = PBXFileReference; lastKnownFileType = file.storyboard; name = Base; path = Base.lproj/LaunchScreen.storyboard; sourceTree = "<group>"; };
		5E0D693428B5816B00F61FC1 /* Info.plist */ = {isa = PBXFileReference; lastKnownFileType = text.plist.xml; path = Info.plist; sourceTree = "<group>"; };
		5E0D693A28B581D400F61FC1 /* MainViewController.swift */ = {isa = PBXFileReference; lastKnownFileType = sourcecode.swift; path = MainViewController.swift; sourceTree = "<group>"; };
		5E0D693C28B5869E00F61FC1 /* DownloadManager.swift */ = {isa = PBXFileReference; lastKnownFileType = sourcecode.swift; path = DownloadManager.swift; sourceTree = "<group>"; };
		5E0D693E28B58A9D00F61FC1 /* MainTableViewCell.swift */ = {isa = PBXFileReference; lastKnownFileType = sourcecode.swift; path = MainTableViewCell.swift; sourceTree = "<group>"; };
		5E0D694028B5934400F61FC1 /* GetModel.swift */ = {isa = PBXFileReference; lastKnownFileType = sourcecode.swift; path = GetModel.swift; sourceTree = "<group>"; };
		5E65256B28B632FE00B347DA /* PostModel.swift */ = {isa = PBXFileReference; lastKnownFileType = sourcecode.swift; path = PostModel.swift; sourceTree = "<group>"; };
		5E65256E28B6345800B347DA /* MainViewController+extensions.swift */ = {isa = PBXFileReference; lastKnownFileType = sourcecode.swift; path = "MainViewController+extensions.swift"; sourceTree = "<group>"; };
		5EC4998A28B6415B008E985A /* PhotoViewController.swift */ = {isa = PBXFileReference; lastKnownFileType = sourcecode.swift; path = PhotoViewController.swift; sourceTree = "<group>"; };
		5EC4998C28B64D24008E985A /* UploadManager.swift */ = {isa = PBXFileReference; lastKnownFileType = sourcecode.swift; path = UploadManager.swift; sourceTree = "<group>"; };
		5EC4998E28B799CB008E985A /* Data+extensions.swift */ = {isa = PBXFileReference; lastKnownFileType = sourcecode.swift; path = "Data+extensions.swift"; sourceTree = "<group>"; };
		5EC4999028B7B031008E985A /* PhotoModel.swift */ = {isa = PBXFileReference; lastKnownFileType = sourcecode.swift; path = PhotoModel.swift; sourceTree = "<group>"; };
/* End PBXFileReference section */

/* Begin PBXFrameworksBuildPhase section */
		5E0D692028B5816800F61FC1 /* Frameworks */ = {
			isa = PBXFrameworksBuildPhase;
			buildActionMask = 2147483647;
			files = (
			);
			runOnlyForDeploymentPostprocessing = 0;
		};
/* End PBXFrameworksBuildPhase section */

/* Begin PBXGroup section */
		5E0D691A28B5816800F61FC1 = {
			isa = PBXGroup;
			children = (
				5E0D692528B5816800F61FC1 /* Test project for Balina Soft */,
				5E0D692428B5816800F61FC1 /* Products */,
			);
			sourceTree = "<group>";
		};
		5E0D692428B5816800F61FC1 /* Products */ = {
			isa = PBXGroup;
			children = (
				5E0D692328B5816800F61FC1 /* Test project for Balina Soft.app */,
			);
			name = Products;
			sourceTree = "<group>";
		};
		5E0D692528B5816800F61FC1 /* Test project for Balina Soft */ = {
			isa = PBXGroup;
			children = (
				5E0D694228B62D1200F61FC1 /* Manager */,
				5E0D694328B62D2100F61FC1 /* Models */,
				5E65256D28B6343E00B347DA /* Extensions */,
				5EC4998828B64117008E985A /* Controllers */,
				5E0D692828B5816800F61FC1 /* SceneDelegate.swift */,
				5E0D692628B5816800F61FC1 /* AppDelegate.swift */,
				5E0D692F28B5816B00F61FC1 /* Assets.xcassets */,
				5E0D693128B5816B00F61FC1 /* LaunchScreen.storyboard */,
				5E0D693428B5816B00F61FC1 /* Info.plist */,
			);
			path = "Test project for Balina Soft";
			sourceTree = "<group>";
		};
		5E0D694228B62D1200F61FC1 /* Manager */ = {
			isa = PBXGroup;
			children = (
				5E0D693C28B5869E00F61FC1 /* DownloadManager.swift */,
				5EC4998C28B64D24008E985A /* UploadManager.swift */,
			);
			path = Manager;
			sourceTree = "<group>";
		};
		5E0D694328B62D2100F61FC1 /* Models */ = {
			isa = PBXGroup;
			children = (
				5E0D694028B5934400F61FC1 /* GetModel.swift */,
				5E65256B28B632FE00B347DA /* PostModel.swift */,
				5EC4999028B7B031008E985A /* PhotoModel.swift */,
			);
			path = Models;
			sourceTree = "<group>";
		};
		5E65256D28B6343E00B347DA /* Extensions */ = {
			isa = PBXGroup;
			children = (
				5E65256E28B6345800B347DA /* MainViewController+extensions.swift */,
				5EC4998E28B799CB008E985A /* Data+extensions.swift */,
			);
			path = Extensions;
			sourceTree = "<group>";
		};
		5EC4998828B64117008E985A /* Controllers */ = {
			isa = PBXGroup;
			children = (
				5EC4998928B64129008E985A /* TableViewCells */,
				5E0D693A28B581D400F61FC1 /* MainViewController.swift */,
				5EC4998A28B6415B008E985A /* PhotoViewController.swift */,
			);
			path = Controllers;
			sourceTree = "<group>";
		};
		5EC4998928B64129008E985A /* TableViewCells */ = {
			isa = PBXGroup;
			children = (
				5E0D693E28B58A9D00F61FC1 /* MainTableViewCell.swift */,
			);
			path = TableViewCells;
			sourceTree = "<group>";
		};
/* End PBXGroup section */

/* Begin PBXNativeTarget section */
		5E0D692228B5816800F61FC1 /* Test project for Balina Soft */ = {
			isa = PBXNativeTarget;
			buildConfigurationList = 5E0D693728B5816B00F61FC1 /* Build configuration list for PBXNativeTarget "Test project for Balina Soft" */;
			buildPhases = (
				5E0D691F28B5816800F61FC1 /* Sources */,
				5E0D692028B5816800F61FC1 /* Frameworks */,
				5E0D692128B5816800F61FC1 /* Resources */,
			);
			buildRules = (
			);
			dependencies = (
			);
			name = "Test project for Balina Soft";
			productName = "Test project for Balina Soft";
			productReference = 5E0D692328B5816800F61FC1 /* Test project for Balina Soft.app */;
			productType = "com.apple.product-type.application";
		};
/* End PBXNativeTarget section */

/* Begin PBXProject section */
		5E0D691B28B5816800F61FC1 /* Project object */ = {
			isa = PBXProject;
			attributes = {
				BuildIndependentTargetsInParallel = 1;
				LastSwiftUpdateCheck = 1340;
				LastUpgradeCheck = 1340;
				TargetAttributes = {
					5E0D692228B5816800F61FC1 = {
						CreatedOnToolsVersion = 13.4.1;
					};
				};
			};
			buildConfigurationList = 5E0D691E28B5816800F61FC1 /* Build configuration list for PBXProject "Test project for Balina Soft" */;
			compatibilityVersion = "Xcode 13.0";
			developmentRegion = en;
			hasScannedForEncodings = 0;
			knownRegions = (
				en,
				Base,
			);
			mainGroup = 5E0D691A28B5816800F61FC1;
			productRefGroup = 5E0D692428B5816800F61FC1 /* Products */;
			projectDirPath = "";
			projectRoot = "";
			targets = (
				5E0D692228B5816800F61FC1 /* Test project for Balina Soft */,
			);
		};
/* End PBXProject section */

/* Begin PBXResourcesBuildPhase section */
		5E0D692128B5816800F61FC1 /* Resources */ = {
			isa = PBXResourcesBuildPhase;
			buildActionMask = 2147483647;
			files = (
				5E0D693328B5816B00F61FC1 /* LaunchScreen.storyboard in Resources */,
				5E0D693028B5816B00F61FC1 /* Assets.xcassets in Resources */,
			);
			runOnlyForDeploymentPostprocessing = 0;
		};
/* End PBXResourcesBuildPhase section */

/* Begin PBXSourcesBuildPhase section */
		5E0D691F28B5816800F61FC1 /* Sources */ = {
			isa = PBXSourcesBuildPhase;
			buildActionMask = 2147483647;
			files = (
				5E0D693B28B581D400F61FC1 /* MainViewController.swift in Sources */,
				5E0D692728B5816800F61FC1 /* AppDelegate.swift in Sources */,
				5E0D692928B5816800F61FC1 /* SceneDelegate.swift in Sources */,
				5E65256C28B632FE00B347DA /* PostModel.swift in Sources */,
				5E0D693D28B5869E00F61FC1 /* DownloadManager.swift in Sources */,
				5EC4998B28B6415B008E985A /* PhotoViewController.swift in Sources */,
				5EC4999128B7B031008E985A /* PhotoModel.swift in Sources */,
				5EC4998F28B799CB008E985A /* Data+extensions.swift in Sources */,
				5E65256F28B6345800B347DA /* MainViewController+extensions.swift in Sources */,
				5E0D694128B5934400F61FC1 /* GetModel.swift in Sources */,
				5EC4998D28B64D24008E985A /* UploadManager.swift in Sources */,
				5E0D693F28B58A9D00F61FC1 /* MainTableViewCell.swift in Sources */,
			);
			runOnlyForDeploymentPostprocessing = 0;
		};
/* End PBXSourcesBuildPhase section */

/* Begin PBXVariantGroup section */
		5E0D693128B5816B00F61FC1 /* LaunchScreen.storyboard */ = {
			isa = PBXVariantGroup;
			children = (
				5E0D693228B5816B00F61FC1 /* Base */,
			);
			name = LaunchScreen.storyboard;
			sourceTree = "<group>";
		};
/* End PBXVariantGroup section */

/* Begin XCBuildConfiguration section */
		5E0D693528B5816B00F61FC1 /* Debug */ = {
			isa = XCBuildConfiguration;
			buildSettings = {
				ALWAYS_SEARCH_USER_PATHS = NO;
				CLANG_ANALYZER_NONNULL = YES;
				CLANG_ANALYZER_NUMBER_OBJECT_CONVERSION = YES_AGGRESSIVE;
				CLANG_CXX_LANGUAGE_STANDARD = "gnu++17";
				CLANG_ENABLE_MODULES = YES;
				CLANG_ENABLE_OBJC_ARC = YES;
				CLANG_ENABLE_OBJC_WEAK = YES;
				CLANG_WARN_BLOCK_CAPTURE_AUTORELEASING = YES;
				CLANG_WARN_BOOL_CONVERSION = YES;
				CLANG_WARN_COMMA = YES;
				CLANG_WARN_CONSTANT_CONVERSION = YES;
				CLANG_WARN_DEPRECATED_OBJC_IMPLEMENTATIONS = YES;
				CLANG_WARN_DIRECT_OBJC_ISA_USAGE = YES_ERROR;
				CLANG_WARN_DOCUMENTATION_COMMENTS = YES;
				CLANG_WARN_EMPTY_BODY = YES;
				CLANG_WARN_ENUM_CONVERSION = YES;
				CLANG_WARN_INFINITE_RECURSION = YES;
				CLANG_WARN_INT_CONVERSION = YES;
				CLANG_WARN_NON_LITERAL_NULL_CONVERSION = YES;
				CLANG_WARN_OBJC_IMPLICIT_RETAIN_SELF = YES;
				CLANG_WARN_OBJC_LITERAL_CONVERSION = YES;
				CLANG_WARN_OBJC_ROOT_CLASS = YES_ERROR;
				CLANG_WARN_QUOTED_INCLUDE_IN_FRAMEWORK_HEADER = YES;
				CLANG_WARN_RANGE_LOOP_ANALYSIS = YES;
				CLANG_WARN_STRICT_PROTOTYPES = YES;
				CLANG_WARN_SUSPICIOUS_MOVE = YES;
				CLANG_WARN_UNGUARDED_AVAILABILITY = YES_AGGRESSIVE;
				CLANG_WARN_UNREACHABLE_CODE = YES;
				CLANG_WARN__DUPLICATE_METHOD_MATCH = YES;
				COPY_PHASE_STRIP = NO;
				DEBUG_INFORMATION_FORMAT = dwarf;
				ENABLE_STRICT_OBJC_MSGSEND = YES;
				ENABLE_TESTABILITY = YES;
				GCC_C_LANGUAGE_STANDARD = gnu11;
				GCC_DYNAMIC_NO_PIC = NO;
				GCC_NO_COMMON_BLOCKS = YES;
				GCC_OPTIMIZATION_LEVEL = 0;
				GCC_PREPROCESSOR_DEFINITIONS = (
					"DEBUG=1",
					"$(inherited)",
				);
				GCC_WARN_64_TO_32_BIT_CONVERSION = YES;
				GCC_WARN_ABOUT_RETURN_TYPE = YES_ERROR;
				GCC_WARN_UNDECLARED_SELECTOR = YES;
				GCC_WARN_UNINITIALIZED_AUTOS = YES_AGGRESSIVE;
				GCC_WARN_UNUSED_FUNCTION = YES;
				GCC_WARN_UNUSED_VARIABLE = YES;
				IPHONEOS_DEPLOYMENT_TARGET = 15.5;
				MTL_ENABLE_DEBUG_INFO = INCLUDE_SOURCE;
				MTL_FAST_MATH = YES;
				ONLY_ACTIVE_ARCH = YES;
				SDKROOT = iphoneos;
				SWIFT_ACTIVE_COMPILATION_CONDITIONS = DEBUG;
				SWIFT_OPTIMIZATION_LEVEL = "-Onone";
			};
			name = Debug;
		};
		5E0D693628B5816B00F61FC1 /* Release */ = {
			isa = XCBuildConfiguration;
			buildSettings = {
				ALWAYS_SEARCH_USER_PATHS = NO;
				CLANG_ANALYZER_NONNULL = YES;
				CLANG_ANALYZER_NUMBER_OBJECT_CONVERSION = YES_AGGRESSIVE;
				CLANG_CXX_LANGUAGE_STANDARD = "gnu++17";
				CLANG_ENABLE_MODULES = YES;
				CLANG_ENABLE_OBJC_ARC = YES;
				CLANG_ENABLE_OBJC_WEAK = YES;
				CLANG_WARN_BLOCK_CAPTURE_AUTORELEASING = YES;
				CLANG_WARN_BOOL_CONVERSION = YES;
				CLANG_WARN_COMMA = YES;
				CLANG_WARN_CONSTANT_CONVERSION = YES;
				CLANG_WARN_DEPRECATED_OBJC_IMPLEMENTATIONS = YES;
				CLANG_WARN_DIRECT_OBJC_ISA_USAGE = YES_ERROR;
				CLANG_WARN_DOCUMENTATION_COMMENTS = YES;
				CLANG_WARN_EMPTY_BODY = YES;
				CLANG_WARN_ENUM_CONVERSION = YES;
				CLANG_WARN_INFINITE_RECURSION = YES;
				CLANG_WARN_INT_CONVERSION = YES;
				CLANG_WARN_NON_LITERAL_NULL_CONVERSION = YES;
				CLANG_WARN_OBJC_IMPLICIT_RETAIN_SELF = YES;
				CLANG_WARN_OBJC_LITERAL_CONVERSION = YES;
				CLANG_WARN_OBJC_ROOT_CLASS = YES_ERROR;
				CLANG_WARN_QUOTED_INCLUDE_IN_FRAMEWORK_HEADER = YES;
				CLANG_WARN_RANGE_LOOP_ANALYSIS = YES;
				CLANG_WARN_STRICT_PROTOTYPES = YES;
				CLANG_WARN_SUSPICIOUS_MOVE = YES;
				CLANG_WARN_UNGUARDED_AVAILABILITY = YES_AGGRESSIVE;
				CLANG_WARN_UNREACHABLE_CODE = YES;
				CLANG_WARN__DUPLICATE_METHOD_MATCH = YES;
				COPY_PHASE_STRIP = NO;
				DEBUG_INFORMATION_FORMAT = "dwarf-with-dsym";
				ENABLE_NS_ASSERTIONS = NO;
				ENABLE_STRICT_OBJC_MSGSEND = YES;
				GCC_C_LANGUAGE_STANDARD = gnu11;
				GCC_NO_COMMON_BLOCKS = YES;
				GCC_WARN_64_TO_32_BIT_CONVERSION = YES;
				GCC_WARN_ABOUT_RETURN_TYPE = YES_ERROR;
				GCC_WARN_UNDECLARED_SELECTOR = YES;
				GCC_WARN_UNINITIALIZED_AUTOS = YES_AGGRESSIVE;
				GCC_WARN_UNUSED_FUNCTION = YES;
				GCC_WARN_UNUSED_VARIABLE = YES;
				IPHONEOS_DEPLOYMENT_TARGET = 15.5;
				MTL_ENABLE_DEBUG_INFO = NO;
				MTL_FAST_MATH = YES;
				SDKROOT = iphoneos;
				SWIFT_COMPILATION_MODE = wholemodule;
				SWIFT_OPTIMIZATION_LEVEL = "-O";
				VALIDATE_PRODUCT = YES;
			};
			name = Release;
		};
		5E0D693828B5816B00F61FC1 /* Debug */ = {
			isa = XCBuildConfiguration;
			buildSettings = {
				ASSETCATALOG_COMPILER_APPICON_NAME = AppIcon;
				ASSETCATALOG_COMPILER_GLOBAL_ACCENT_COLOR_NAME = AccentColor;
				CODE_SIGN_STYLE = Automatic;
				CURRENT_PROJECT_VERSION = 1;
				DEVELOPMENT_TEAM = 8N9N9XNS66;
				GENERATE_INFOPLIST_FILE = YES;
				INFOPLIST_FILE = "Test project for Balina Soft/Info.plist";
				INFOPLIST_KEY_NSCameraUsageDescription = "Please allow access to take a photo";
				INFOPLIST_KEY_UIApplicationSupportsIndirectInputEvents = YES;
				INFOPLIST_KEY_UILaunchStoryboardName = LaunchScreen;
				INFOPLIST_KEY_UISupportedInterfaceOrientations_iPad = "UIInterfaceOrientationPortrait UIInterfaceOrientationPortraitUpsideDown UIInterfaceOrientationLandscapeLeft UIInterfaceOrientationLandscapeRight";
				INFOPLIST_KEY_UISupportedInterfaceOrientations_iPhone = "UIInterfaceOrientationPortrait UIInterfaceOrientationLandscapeLeft UIInterfaceOrientationLandscapeRight";
				LD_RUNPATH_SEARCH_PATHS = (
					"$(inherited)",
					"@executable_path/Frameworks",
				);
				MARKETING_VERSION = 1.0;
				PRODUCT_BUNDLE_IDENTIFIER = com.vitalinabarouski.TestprojectforBalinaSoft;
				PRODUCT_NAME = "$(TARGET_NAME)";
				SWIFT_EMIT_LOC_STRINGS = YES;
				SWIFT_VERSION = 5.0;
				TARGETED_DEVICE_FAMILY = 1;
			};
			name = Debug;
		};
		5E0D693928B5816B00F61FC1 /* Release */ = {
			isa = XCBuildConfiguration;
			buildSettings = {
				ASSETCATALOG_COMPILER_APPICON_NAME = AppIcon;
				ASSETCATALOG_COMPILER_GLOBAL_ACCENT_COLOR_NAME = AccentColor;
				CODE_SIGN_STYLE = Automatic;
				CURRENT_PROJECT_VERSION = 1;
				DEVELOPMENT_TEAM = 8N9N9XNS66;
				GENERATE_INFOPLIST_FILE = YES;
				INFOPLIST_FILE = "Test project for Balina Soft/Info.plist";
				INFOPLIST_KEY_NSCameraUsageDescription = "Please allow access to take a photo";
				INFOPLIST_KEY_UIApplicationSupportsIndirectInputEvents = YES;
				INFOPLIST_KEY_UILaunchStoryboardName = LaunchScreen;
				INFOPLIST_KEY_UISupportedInterfaceOrientations_iPad = "UIInterfaceOrientationPortrait UIInterfaceOrientationPortraitUpsideDown UIInterfaceOrientationLandscapeLeft UIInterfaceOrientationLandscapeRight";
				INFOPLIST_KEY_UISupportedInterfaceOrientations_iPhone = "UIInterfaceOrientationPortrait UIInterfaceOrientationLandscapeLeft UIInterfaceOrientationLandscapeRight";
				LD_RUNPATH_SEARCH_PATHS = (
					"$(inherited)",
					"@executable_path/Frameworks",
				);
				MARKETING_VERSION = 1.0;
				PRODUCT_BUNDLE_IDENTIFIER = com.vitalinabarouski.TestprojectforBalinaSoft;
				PRODUCT_NAME = "$(TARGET_NAME)";
				SWIFT_EMIT_LOC_STRINGS = YES;
				SWIFT_VERSION = 5.0;
				TARGETED_DEVICE_FAMILY = 1;
			};
			name = Release;
		};
/* End XCBuildConfiguration section */

/* Begin XCConfigurationList section */
		5E0D691E28B5816800F61FC1 /* Build configuration list for PBXProject "Test project for Balina Soft" */ = {
			isa = XCConfigurationList;
			buildConfigurations = (
				5E0D693528B5816B00F61FC1 /* Debug */,
				5E0D693628B5816B00F61FC1 /* Release */,
			);
			defaultConfigurationIsVisible = 0;
			defaultConfigurationName = Release;
		};
		5E0D693728B5816B00F61FC1 /* Build configuration list for PBXNativeTarget "Test project for Balina Soft" */ = {
			isa = XCConfigurationList;
			buildConfigurations = (
				5E0D693828B5816B00F61FC1 /* Debug */,
				5E0D693928B5816B00F61FC1 /* Release */,
			);
			defaultConfigurationIsVisible = 0;
			defaultConfigurationName = Release;
		};
/* End XCConfigurationList section */
	};
	rootObject = 5E0D691B28B5816800F61FC1 /* Project object */;
}
